
Microsoft Visual Studio Solution File, Format Version 12.00
# Visual Studio Version 17
VisualStudioVersion = 17.8.34511.84
MinimumVisualStudioVersion = 10.0.40219.1
Project("{FAE04EC0-301F-11D3-BF4B-00C04F79EFBC}") = "WPFTest", "WPFTest\WPFTest.csproj", "{5CB3D47C-E9C1-4476-BFAD-38F1B587A177}"
EndProject
Global
	GlobalSection(SolutionConfigurationPlatforms) = preSolution
		Debug|Any CPU = Debug|Any CPU
		Release|Any CPU = Release|Any CPU
	EndGlobalSection
	GlobalSection(ProjectConfigurationPlatforms) = postSolution
		{5CB3D47C-E9C1-4476-BFAD-38F1B587A177}.Debug|Any CPU.ActiveCfg = Debug|Any CPU
		{5CB3D47C-E9C1-4476-BFAD-38F1B587A177}.Debug|Any CPU.Build.0 = Debug|Any CPU
		{5CB3D47C-E9C1-4476-BFAD-38F1B587A177}.Release|Any CPU.ActiveCfg = Release|Any CPU
		{5CB3D47C-E9C1-4476-BFAD-38F1B587A177}.Release|Any CPU.Build.0 = Release|Any CPU
	EndGlobalSection
	GlobalSection(SolutionProperties) = preSolution
		HideSolutionNode = FALSE
	EndGlobalSection
	GlobalSection(ExtensibilityGlobals) = postSolution
		SolutionGuid = {AB6EDFA4-E0DF-4E34-A14C-583982733B6A}
	EndGlobalSection
EndGlobal
